
Microsoft Visual Studio Solution File, Format Version 12.00
# Visual Studio Version 17
VisualStudioVersion = 17.11.35222.181
MinimumVisualStudioVersion = 10.0.40219.1
Project("{FAE04EC0-301F-11D3-BF4B-00C04F79EFBC}") = "GodMode", "GodMode\GodMode.csproj", "{218EB8D8-8BE4-4F72-B43D-B0E628F4134C}"
EndProject
Global
	GlobalSection(SolutionConfigurationPlatforms) = preSolution
		Debug|Any CPU = Debug|Any CPU
		Release|Any CPU = Release|Any CPU
	EndGlobalSection
	GlobalSection(ProjectConfigurationPlatforms) = postSolution
		{218EB8D8-8BE4-4F72-B43D-B0E628F4134C}.Debug|Any CPU.ActiveCfg = Debug|Any CPU
		{218EB8D8-8BE4-4F72-B43D-B0E628F4134C}.Debug|Any CPU.Build.0 = Debug|Any CPU
		{218EB8D8-8BE4-4F72-B43D-B0E628F4134C}.Release|Any CPU.ActiveCfg = Release|Any CPU
		{218EB8D8-8BE4-4F72-B43D-B0E628F4134C}.Release|Any CPU.Build.0 = Release|Any CPU
	EndGlobalSection
	GlobalSection(SolutionProperties) = preSolution
		HideSolutionNode = FALSE
	EndGlobalSection
	GlobalSection(ExtensibilityGlobals) = postSolution
		SolutionGuid = {D16A68C5-3872-4612-AB36-D5A6BD74681A}
	EndGlobalSection
EndGlobal
